
Microsoft Visual Studio Solution File, Format Version 12.00
# Visual Studio Version 17
VisualStudioVersion = 17.4.33213.308
MinimumVisualStudioVersion = 10.0.40219.1
Project("{FAE04EC0-301F-11D3-BF4B-00C04F79EFBC}") = "BookStore", "BookStore\BookStore.csproj", "{A364692C-A3C0-422C-831B-07D5FA128C99}"
EndProject
Global
	GlobalSection(SolutionConfigurationPlatforms) = preSolution
		Debug|Any CPU = Debug|Any CPU
		Release|Any CPU = Release|Any CPU
	EndGlobalSection
	GlobalSection(ProjectConfigurationPlatforms) = postSolution
		{A364692C-A3C0-422C-831B-07D5FA128C99}.Debug|Any CPU.ActiveCfg = Debug|Any CPU
		{A364692C-A3C0-422C-831B-07D5FA128C99}.Debug|Any CPU.Build.0 = Debug|Any CPU
		{A364692C-A3C0-422C-831B-07D5FA128C99}.Release|Any CPU.ActiveCfg = Release|Any CPU
		{A364692C-A3C0-422C-831B-07D5FA128C99}.Release|Any CPU.Build.0 = Release|Any CPU
	EndGlobalSection
	GlobalSection(SolutionProperties) = preSolution
		HideSolutionNode = FALSE
	EndGlobalSection
	GlobalSection(ExtensibilityGlobals) = postSolution
		SolutionGuid = {60C4A522-4053-43B4-9C2D-E95A616B0A3F}
	EndGlobalSection
EndGlobal
